%{"certifi": {:hex, :certifi, "0.3.0"},
  "ex_doc": {:git, "https://github.com/elixir-lang/ex_doc.git", "f93a60dc8168ffdef191af4fcec42292937b4c6a", []},
  "hackney": {:hex, :hackney, "1.4.5"},
  "httpoison": {:hex, :httpoison, "0.8.0"},
  "httpotion": {:hex, :httpotion, "2.1.0"},
  "ibrowse": {:git, "https://github.com/cmullaparthi/ibrowse.git", "ea3305d21f37eced4fac290f64b068e56df7de80", [tag: "v4.1.2"]},
  "idna": {:hex, :idna, "1.0.2"},
  "jsx": {:hex, :jsx, "2.8.0"},
  "mimerl": {:hex, :mimerl, "1.0.0"},
  "ssl_verify_hostname": {:hex, :ssl_verify_hostname, "1.0.5"}}
